dependencies:
- name: postgresql
  repository: https://charts.bitnami.com/bitnami
  version: 16.0.6
- name: redis
  repository: https://charts.bitnami.com/bitnami
  version: 17.13.2
digest: sha256:197ed9069df283d5512e1a648b26c7a1d3b292feaa5b93a84254f8531a057fd3
generated: "2024-10-24T12:25:36.546649773Z"
