dependencies:
- name: postgresql
  repository: https://charts.bitnami.com/bitnami
  version: 13.4.4
- name: redis
  repository: https://charts.bitnami.com/bitnami
  version: 17.13.2
digest: sha256:f15fc3df4533734d337024aee003497a311060db3df51b9fd710bc2f21904e7b
generated: "2024-02-01T09:48:20.698621517Z"
