dependencies:
- name: postgresql
  repository: https://charts.bitnami.com/bitnami
  version: 12.12.10
- name: redis
  repository: https://charts.bitnami.com/bitnami
  version: 17.17.1
digest: sha256:f6f775247835ae07faed3d5173ce37ef42edb847b06dd9f53b4df0e5c8f7b1f1
generated: "2024-10-24T19:49:00.092870933Z"
